
Microsoft Visual Studio Solution File, Format Version 12.00
# Visual Studio Version 17
VisualStudioVersion = 17.4.33110.190
MinimumVisualStudioVersion = 10.0.40219.1
Project("{FAE04EC0-301F-11D3-BF4B-00C04F79EFBC}") = "MultithreadingTest", "MultithreadingTest\MultithreadingTest.csproj", "{5109C621-9A74-417E-94B4-66D10A6FABF9}"
EndProject
Global
	GlobalSection(SolutionConfigurationPlatforms) = preSolution
		Debug|Any CPU = Debug|Any CPU
		Release|Any CPU = Release|Any CPU
	EndGlobalSection
	GlobalSection(ProjectConfigurationPlatforms) = postSolution
		{5109C621-9A74-417E-94B4-66D10A6FABF9}.Debug|Any CPU.ActiveCfg = Debug|Any CPU
		{5109C621-9A74-417E-94B4-66D10A6FABF9}.Debug|Any CPU.Build.0 = Debug|Any CPU
		{5109C621-9A74-417E-94B4-66D10A6FABF9}.Release|Any CPU.ActiveCfg = Release|Any CPU
		{5109C621-9A74-417E-94B4-66D10A6FABF9}.Release|Any CPU.Build.0 = Release|Any CPU
	EndGlobalSection
	GlobalSection(SolutionProperties) = preSolution
		HideSolutionNode = FALSE
	EndGlobalSection
	GlobalSection(ExtensibilityGlobals) = postSolution
		SolutionGuid = {C0500A53-47A4-44C7-95E4-7941A87312B9}
	EndGlobalSection
EndGlobal
